<?xml version="1.0" encoding="utf-8"?>
<Project ToolsVersion="4.0" xmlns="http://schemas.microsoft.com/developer/msbuild/2003">
  <ItemGroup>
    <Filter Include="Fichiers sources">
      <UniqueIdentifier>{4FC737F1-C7A5-4376-A066-2A32D752A2FF}</UniqueIdentifier>
      <Extensions>cpp;c;cc;cxx;c++;cppm;ixx;def;odl;idl;hpj;bat;asm;asmx</Extensions>
    </Filter>
    <Filter Include="Fichiers d%27en-tête">
      <UniqueIdentifier>{93995380-89BD-4b04-88EB-625FBE52EBFB}</UniqueIdentifier>
      <Extensions>h;hh;hpp;hxx;h++;hm;inl;inc;ipp;xsd</Extensions>
    </Filter>
    <Filter Include="Fichiers de ressources">
      <UniqueIdentifier>{67DA6AB6-F800-4c08-8B7A-83BB121AAD01}</UniqueIdentifier>
      <Extensions>rc;ico;cur;bmp;dlg;rc2;rct;bin;rgs;gif;jpg;jpeg;jpe;resx;tiff;tif;png;wav;mfcribbon-ms</Extensions>
    </Filter>
    <Filter Include="Fichiers sources\Core">
      <UniqueIdentifier>{d022946f-5671-4e6f-bb3f-a4c95d96d0e9}</UniqueIdentifier>
    </Filter>
    <Filter Include="Fichiers sources\GameHook">
      <UniqueIdentifier>{61abdb85-266d-4773-81e4-6e62dad5fe60}</UniqueIdentifier>
    </Filter>
    <Filter Include="Fichiers sources\ArchipelagoClient">
      <UniqueIdentifier>{df84d9bb-1511-470a-a89a-f35a9682782a}</UniqueIdentifier>
    </Filter>
  </ItemGroup>
  <ItemGroup>
    <ClCompile Include="subprojects\minhook\src\buffer.c">
      <Filter>Fichiers de ressources</Filter>
    </ClCompile>
    <ClCompile Include="subprojects\minhook\src\hook.c">
      <Filter>Fichiers de ressources</Filter>
    </ClCompile>
    <ClCompile Include="subprojects\minhook\src\trampoline.c">
      <Filter>Fichiers de ressources</Filter>
    </ClCompile>
    <ClCompile Include="subprojects\minhook\src\hde\hde32.c">
      <Filter>Fichiers de ressources</Filter>
    </ClCompile>
    <ClCompile Include="subprojects\minhook\src\hde\hde64.c">
      <Filter>Fichiers de ressources</Filter>
    </ClCompile>
    <ClCompile Include="GameHook.cpp">
      <Filter>Fichiers sources\GameHook</Filter>
    </ClCompile>
    <ClCompile Include="Core.cpp">
      <Filter>Fichiers sources\Core</Filter>
    </ClCompile>
    <ClCompile Include="dinput8.cpp">
      <Filter>Fichiers sources\Core</Filter>
    </ClCompile>
    <ClCompile Include="ItemRandomiser.cpp">
      <Filter>Fichiers sources\GameHook</Filter>
    </ClCompile>
    <ClCompile Include="AutoEquip.cpp">
      <Filter>Fichiers sources\GameHook</Filter>
    </ClCompile>
    <ClCompile Include="NoRequirements.cpp">
      <Filter>Fichiers sources\GameHook</Filter>
    </ClCompile>
    <ClCompile Include="ArchipelagoInterface.cpp">
      <Filter>Fichiers sources\ArchipelagoClient</Filter>
    </ClCompile>
  </ItemGroup>
  <ItemGroup>
    <ClInclude Include="Core.h">
      <Filter>Fichiers d%27en-tête</Filter>
    </ClInclude>
    <ClInclude Include="GameHook.h">
      <Filter>Fichiers d%27en-tête</Filter>
    </ClInclude>
    <ClInclude Include="subprojects\minhook\src\buffer.h">
      <Filter>Fichiers de ressources</Filter>
    </ClInclude>
    <ClInclude Include="subprojects\minhook\src\trampoline.h">
      <Filter>Fichiers de ressources</Filter>
    </ClInclude>
    <ClInclude Include="subprojects\minhook\src\hde\hde32.h">
      <Filter>Fichiers de ressources</Filter>
    </ClInclude>
    <ClInclude Include="subprojects\minhook\src\hde\hde64.h">
      <Filter>Fichiers de ressources</Filter>
    </ClInclude>
    <ClInclude Include="subprojects\minhook\src\hde\pstdint.h">
      <Filter>Fichiers de ressources</Filter>
    </ClInclude>
    <ClInclude Include="subprojects\minhook\src\hde\table32.h">
      <Filter>Fichiers de ressources</Filter>
    </ClInclude>
    <ClInclude Include="subprojects\minhook\src\hde\table64.h">
      <Filter>Fichiers de ressources</Filter>
    </ClInclude>
    <ClInclude Include="ArchipelagoInterface.h">
      <Filter>Fichiers d%27en-tête</Filter>
    </ClInclude>
    <ClInclude Include="subprojects\asio\asio\include\asio.hpp">
      <Filter>Fichiers d%27en-tête</Filter>
    </ClInclude>
    <ClInclude Include="subprojects\wswrap\include\wswrap_websocketpp.hpp">
      <Filter>Fichiers d%27en-tête</Filter>
    </ClInclude>
    <ClInclude Include="subprojects\wswrap\include\wswrap.hpp">
      <Filter>Fichiers d%27en-tête</Filter>
    </ClInclude>
    <ClInclude Include="resource.h">
      <Filter>Fichiers d%27en-tête</Filter>
    </ClInclude>
    <ClInclude Include="subprojects\openssl\conf.h">
      <Filter>Fichiers d%27en-tête</Filter>
    </ClInclude>
    <ClInclude Include="subprojects\openssl\__DECC_INCLUDE_EPILOGUE.H">
      <Filter>Fichiers d%27en-tête</Filter>
    </ClInclude>
    <ClInclude Include="subprojects\openssl\__DECC_INCLUDE_PROLOGUE.H">
      <Filter>Fichiers d%27en-tête</Filter>
    </ClInclude>
    <ClInclude Include="subprojects\openssl\aes.h">
      <Filter>Fichiers d%27en-tête</Filter>
    </ClInclude>
    <ClInclude Include="subprojects\openssl\asn1.h">
      <Filter>Fichiers d%27en-tête</Filter>
    </ClInclude>
    <ClInclude Include="subprojects\openssl\asn1_mac.h">
      <Filter>Fichiers d%27en-tête</Filter>
    </ClInclude>
    <ClInclude Include="subprojects\openssl\asn1err.h">
      <Filter>Fichiers d%27en-tête</Filter>
    </ClInclude>
    <ClInclude Include="subprojects\openssl\asn1t.h">
      <Filter>Fichiers d%27en-tête</Filter>
    </ClInclude>
    <ClInclude Include="subprojects\openssl\async.h">
      <Filter>Fichiers d%27en-tête</Filter>
    </ClInclude>
    <ClInclude Include="subprojects\openssl\asyncerr.h">
      <Filter>Fichiers d%27en-tête</Filter>
    </ClInclude>
    <ClInclude Include="subprojects\openssl\bio.h">
      <Filter>Fichiers d%27en-tête</Filter>
    </ClInclude>
    <ClInclude Include="subprojects\openssl\bioerr.h">
      <Filter>Fichiers d%27en-tête</Filter>
    </ClInclude>
    <ClInclude Include="subprojects\openssl\blowfish.h">
      <Filter>Fichiers d%27en-tête</Filter>
    </ClInclude>
    <ClInclude Include="subprojects\openssl\bn.h">
      <Filter>Fichiers d%27en-tête</Filter>
    </ClInclude>
    <ClInclude Include="subprojects\openssl\bnerr.h">
      <Filter>Fichiers d%27en-tête</Filter>
    </ClInclude>
    <ClInclude Include="subprojects\openssl\buffer.h">
      <Filter>Fichiers d%27en-tête</Filter>
    </ClInclude>
    <ClInclude Include="subprojects\openssl\buffererr.h">
      <Filter>Fichiers d%27en-tête</Filter>
    </ClInclude>
    <ClInclude Include="subprojects\openssl\camellia.h">
      <Filter>Fichiers d%27en-tête</Filter>
    </ClInclude>
    <ClInclude Include="subprojects\openssl\cast.h">
      <Filter>Fichiers d%27en-tête</Filter>
    </ClInclude>
    <ClInclude Include="subprojects\openssl\cmac.h">
      <Filter>Fichiers d%27en-tête</Filter>
    </ClInclude>
    <ClInclude Include="subprojects\openssl\cms.h">
      <Filter>Fichiers d%27en-tête</Filter>
    </ClInclude>
    <ClInclude Include="subprojects\openssl\cmserr.h">
      <Filter>Fichiers d%27en-tête</Filter>
    </ClInclude>
    <ClInclude Include="subprojects\openssl\comp.h">
      <Filter>Fichiers d%27en-tête</Filter>
    </ClInclude>
    <ClInclude Include="subprojects\openssl\comperr.h">
      <Filter>Fichiers d%27en-tête</Filter>
    </ClInclude>
    <ClInclude Include="subprojects\openssl\conf_api.h">
      <Filter>Fichiers d%27en-tête</Filter>
    </ClInclude>
    <ClInclude Include="subprojects\openssl\conferr.h">
      <Filter>Fichiers d%27en-tête</Filter>
    </ClInclude>
    <ClInclude Include="subprojects\openssl\crypto.h">
      <Filter>Fichiers d%27en-tête</Filter>
    </ClInclude>
    <ClInclude Include="subprojects\openssl\cryptoerr.h">
      <Filter>Fichiers d%27en-tête</Filter>
    </ClInclude>
    <ClInclude Include="subprojects\openssl\ct.h">
      <Filter>Fichiers d%27en-tête</Filter>
    </ClInclude>
    <ClInclude Include="subprojects\openssl\cterr.h">
      <Filter>Fichiers d%27en-tête</Filter>
    </ClInclude>
    <ClInclude Include="subprojects\openssl\des.h">
      <Filter>Fichiers d%27en-tête</Filter>
    </ClInclude>
    <ClInclude Include="subprojects\openssl\dh.h">
      <Filter>Fichiers d%27en-tête</Filter>
    </ClInclude>
    <ClInclude Include="subprojects\openssl\dherr.h">
      <Filter>Fichiers d%27en-tête</Filter>
    </ClInclude>
    <ClInclude Include="subprojects\openssl\dsa.h">
      <Filter>Fichiers d%27en-tête</Filter>
    </ClInclude>
    <ClInclude Include="subprojects\openssl\dsaerr.h">
      <Filter>Fichiers d%27en-tête</Filter>
    </ClInclude>
    <ClInclude Include="subprojects\openssl\dtls1.h">
      <Filter>Fichiers d%27en-tête</Filter>
    </ClInclude>
    <ClInclude Include="subprojects\openssl\e_os2.h">
      <Filter>Fichiers d%27en-tête</Filter>
    </ClInclude>
    <ClInclude Include="subprojects\openssl\ebcdic.h">
      <Filter>Fichiers d%27en-tête</Filter>
    </ClInclude>
    <ClInclude Include="subprojects\openssl\ec.h">
      <Filter>Fichiers d%27en-tête</Filter>
    </ClInclude>
    <ClInclude Include="subprojects\openssl\ecdh.h">
      <Filter>Fichiers d%27en-tête</Filter>
    </ClInclude>
    <ClInclude Include="subprojects\openssl\ecdsa.h">
      <Filter>Fichiers d%27en-tête</Filter>
    </ClInclude>
    <ClInclude Include="subprojects\openssl\ecerr.h">
      <Filter>Fichiers d%27en-tête</Filter>
    </ClInclude>
    <ClInclude Include="subprojects\openssl\engine.h">
      <Filter>Fichiers d%27en-tête</Filter>
    </ClInclude>
    <ClInclude Include="subprojects\openssl\engineerr.h">
      <Filter>Fichiers d%27en-tête</Filter>
    </ClInclude>
    <ClInclude Include="subprojects\openssl\err.h">
      <Filter>Fichiers d%27en-tête</Filter>
    </ClInclude>
    <ClInclude Include="subprojects\openssl\evp.h">
      <Filter>Fichiers d%27en-tête</Filter>
    </ClInclude>
    <ClInclude Include="subprojects\openssl\evperr.h">
      <Filter>Fichiers d%27en-tête</Filter>
    </ClInclude>
    <ClInclude Include="subprojects\openssl\hmac.h">
      <Filter>Fichiers d%27en-tête</Filter>
    </ClInclude>
    <ClInclude Include="subprojects\openssl\idea.h">
      <Filter>Fichiers d%27en-tête</Filter>
    </ClInclude>
    <ClInclude Include="subprojects\openssl\kdf.h">
      <Filter>Fichiers d%27en-tête</Filter>
    </ClInclude>
    <ClInclude Include="subprojects\openssl\kdferr.h">
      <Filter>Fichiers d%27en-tête</Filter>
    </ClInclude>
    <ClInclude Include="subprojects\openssl\lhash.h">
      <Filter>Fichiers d%27en-tête</Filter>
    </ClInclude>
    <ClInclude Include="subprojects\openssl\md2.h">
      <Filter>Fichiers d%27en-tête</Filter>
    </ClInclude>
    <ClInclude Include="subprojects\openssl\md4.h">
      <Filter>Fichiers d%27en-tête</Filter>
    </ClInclude>
    <ClInclude Include="subprojects\openssl\md5.h">
      <Filter>Fichiers d%27en-tête</Filter>
    </ClInclude>
    <ClInclude Include="subprojects\openssl\mdc2.h">
      <Filter>Fichiers d%27en-tête</Filter>
    </ClInclude>
    <ClInclude Include="subprojects\openssl\modes.h">
      <Filter>Fichiers d%27en-tête</Filter>
    </ClInclude>
    <ClInclude Include="subprojects\openssl\obj_mac.h">
      <Filter>Fichiers d%27en-tête</Filter>
    </ClInclude>
    <ClInclude Include="subprojects\openssl\objects.h">
      <Filter>Fichiers d%27en-tête</Filter>
    </ClInclude>
    <ClInclude Include="subprojects\openssl\objectserr.h">
      <Filter>Fichiers d%27en-tête</Filter>
    </ClInclude>
    <ClInclude Include="subprojects\openssl\ocsp.h">
      <Filter>Fichiers d%27en-tête</Filter>
    </ClInclude>
    <ClInclude Include="subprojects\openssl\ocsperr.h">
      <Filter>Fichiers d%27en-tête</Filter>
    </ClInclude>
    <ClInclude Include="subprojects\openssl\opensslv.h">
      <Filter>Fichiers d%27en-tête</Filter>
    </ClInclude>
    <ClInclude Include="subprojects\openssl\ossl_typ.h">
      <Filter>Fichiers d%27en-tête</Filter>
    </ClInclude>
    <ClInclude Include="subprojects\openssl\pem.h">
      <Filter>Fichiers d%27en-tête</Filter>
    </ClInclude>
    <ClInclude Include="subprojects\openssl\pem2.h">
      <Filter>Fichiers d%27en-tête</Filter>
    </ClInclude>
    <ClInclude Include="subprojects\openssl\pemerr.h">
      <Filter>Fichiers d%27en-tête</Filter>
    </ClInclude>
    <ClInclude Include="subprojects\openssl\pkcs7.h">
      <Filter>Fichiers d%27en-tête</Filter>
    </ClInclude>
    <ClInclude Include="subprojects\openssl\pkcs7err.h">
      <Filter>Fichiers d%27en-tête</Filter>
    </ClInclude>
    <ClInclude Include="subprojects\openssl\pkcs12.h">
      <Filter>Fichiers d%27en-tête</Filter>
    </ClInclude>
    <ClInclude Include="subprojects\openssl\pkcs12err.h">
      <Filter>Fichiers d%27en-tête</Filter>
    </ClInclude>
    <ClInclude Include="subprojects\openssl\rand.h">
      <Filter>Fichiers d%27en-tête</Filter>
    </ClInclude>
    <ClInclude Include="subprojects\openssl\rand_drbg.h">
      <Filter>Fichiers d%27en-tête</Filter>
    </ClInclude>
    <ClInclude Include="subprojects\openssl\randerr.h">
      <Filter>Fichiers d%27en-tête</Filter>
    </ClInclude>
    <ClInclude Include="subprojects\openssl\rc2.h">
      <Filter>Fichiers d%27en-tête</Filter>
    </ClInclude>
    <ClInclude Include="subprojects\openssl\rc4.h">
      <Filter>Fichiers d%27en-tête</Filter>
    </ClInclude>
    <ClInclude Include="subprojects\openssl\rc5.h">
      <Filter>Fichiers d%27en-tête</Filter>
    </ClInclude>
    <ClInclude Include="subprojects\openssl\ripemd.h">
      <Filter>Fichiers d%27en-tête</Filter>
    </ClInclude>
    <ClInclude Include="subprojects\openssl\rsa.h">
      <Filter>Fichiers d%27en-tête</Filter>
    </ClInclude>
    <ClInclude Include="subprojects\openssl\rsaerr.h">
      <Filter>Fichiers d%27en-tête</Filter>
    </ClInclude>
    <ClInclude Include="subprojects\openssl\safestack.h">
      <Filter>Fichiers d%27en-tête</Filter>
    </ClInclude>
    <ClInclude Include="subprojects\openssl\seed.h">
      <Filter>Fichiers d%27en-tête</Filter>
    </ClInclude>
    <ClInclude Include="subprojects\openssl\sha.h">
      <Filter>Fichiers d%27en-tête</Filter>
    </ClInclude>
    <ClInclude Include="subprojects\openssl\srp.h">
      <Filter>Fichiers d%27en-tête</Filter>
    </ClInclude>
    <ClInclude Include="subprojects\openssl\srtp.h">
      <Filter>Fichiers d%27en-tête</Filter>
    </ClInclude>
    <ClInclude Include="subprojects\openssl\ssl.h">
      <Filter>Fichiers d%27en-tête</Filter>
    </ClInclude>
    <ClInclude Include="subprojects\openssl\ssl2.h">
      <Filter>Fichiers d%27en-tête</Filter>
    </ClInclude>
    <ClInclude Include="subprojects\openssl\ssl3.h">
      <Filter>Fichiers d%27en-tête</Filter>
    </ClInclude>
    <ClInclude Include="subprojects\openssl\sslerr.h">
      <Filter>Fichiers d%27en-tête</Filter>
    </ClInclude>
    <ClInclude Include="subprojects\openssl\stack.h">
      <Filter>Fichiers d%27en-tête</Filter>
    </ClInclude>
    <ClInclude Include="subprojects\openssl\store.h">
      <Filter>Fichiers d%27en-tête</Filter>
    </ClInclude>
    <ClInclude Include="subprojects\openssl\storeerr.h">
      <Filter>Fichiers d%27en-tête</Filter>
    </ClInclude>
    <ClInclude Include="subprojects\openssl\symhacks.h">
      <Filter>Fichiers d%27en-tête</Filter>
    </ClInclude>
    <ClInclude Include="subprojects\openssl\tls1.h">
      <Filter>Fichiers d%27en-tête</Filter>
    </ClInclude>
    <ClInclude Include="subprojects\openssl\ts.h">
      <Filter>Fichiers d%27en-tête</Filter>
    </ClInclude>
    <ClInclude Include="subprojects\openssl\tserr.h">
      <Filter>Fichiers d%27en-tête</Filter>
    </ClInclude>
    <ClInclude Include="subprojects\openssl\txt_db.h">
      <Filter>Fichiers d%27en-tête</Filter>
    </ClInclude>
    <ClInclude Include="subprojects\openssl\ui.h">
      <Filter>Fichiers d%27en-tête</Filter>
    </ClInclude>
    <ClInclude Include="subprojects\openssl\uierr.h">
      <Filter>Fichiers d%27en-tête</Filter>
    </ClInclude>
    <ClInclude Include="subprojects\openssl\whrlpool.h">
      <Filter>Fichiers d%27en-tête</Filter>
    </ClInclude>
    <ClInclude Include="subprojects\openssl\x509.h">
      <Filter>Fichiers d%27en-tête</Filter>
    </ClInclude>
    <ClInclude Include="subprojects\openssl\x509_vfy.h">
      <Filter>Fichiers d%27en-tête</Filter>
    </ClInclude>
    <ClInclude Include="subprojects\openssl\x509err.h">
      <Filter>Fichiers d%27en-tête</Filter>
    </ClInclude>
    <ClInclude Include="subprojects\openssl\x509v3.h">
      <Filter>Fichiers d%27en-tête</Filter>
    </ClInclude>
    <ClInclude Include="subprojects\openssl\x509v3err.h">
      <Filter>Fichiers d%27en-tête</Filter>
    </ClInclude>
    <ClInclude Include="..\..\..\..\Downloads\openSSLFolder (1)\x64\include\openssl\opensslconf.h">
      <Filter>Fichiers d%27en-tête</Filter>
    </ClInclude>
  </ItemGroup>
  <ItemGroup>
    <None Include="dinput8.def">
      <Filter>Fichiers sources\Core</Filter>
    </None>
  </ItemGroup>
  <ItemGroup>
    <MASM Include="dinput8_asm.asm">
      <Filter>Fichiers sources\Core</Filter>
    </MASM>
    <MASM Include="_AutoEquip.asm">
      <Filter>Fichiers sources\GameHook</Filter>
    </MASM>
    <MASM Include="_NoRequirements.asm">
      <Filter>Fichiers sources\GameHook</Filter>
    </MASM>
    <MASM Include="_ItemRandomiser.asm">
      <Filter>Fichiers sources\GameHook</Filter>
    </MASM>
  </ItemGroup>
  <ItemGroup>
    <ResourceCompile Include="archipelago-client.rc">
      <Filter>Fichiers de ressources</Filter>
    </ResourceCompile>
  </ItemGroup>
</Project>